{
  "nodes": {
    "fenix": {
      "inputs": {
        "nixpkgs": [
          "nixpkgs"
        ],
        "rust-analyzer-src": "rust-analyzer-src"
      },
      "locked": {
        "lastModified": 1739082714,
        "narHash": "sha256-cylMa750pId3Hqvzyurd86qJIYyyMWB0M7Gbh7ZB2tY=",
        "owner": "nix-community",
        "repo": "fenix",
        "rev": "e84058a7fe56aa01f2db19373cce190098494698",
        "type": "github"
      },
      "original": {
        "owner": "nix-community",
        "repo": "fenix",
        "type": "github"
      }
    },
    "nixpkgs": {
      "locked": {
        "lastModified": 1739019272,
        "narHash": "sha256-7Fu7oazPoYCbDzb9k8D/DdbKrC3aU1zlnc39Y8jy/s8=",
        "owner": "NixOS",
        "repo": "nixpkgs",
        "rev": "fa35a3c8e17a3de613240fea68f876e5b4896aec",
        "type": "github"
      },
      "original": {
        "owner": "NixOS",
        "ref": "nixpkgs-unstable",
        "repo": "nixpkgs",
        "type": "github"
      }
    },
    "root": {
      "inputs": {
        "fenix": "fenix",
        "nixpkgs": "nixpkgs",
        "systems": "systems"
      }
    },
    "rust-analyzer-src": {
      "flake": false,
      "locked": {
        "lastModified": 1738997488,
        "narHash": "sha256-jeNdFVtEDLypGIbNqBjURovfw9hMkVtlLR7j/5fRh54=",
        "owner": "rust-lang",
        "repo": "rust-analyzer",
        "rev": "208bc52b5dc177badc081c64eb0584a313c73242",
        "type": "github"
      },
      "original": {
        "owner": "rust-lang",
        "ref": "nightly",
        "repo": "rust-analyzer",
        "type": "github"
      }
    },
    "systems": {
      "locked": {
        "lastModified": 1681028828,
        "narHash": "sha256-Vy1rq5AaRuLzOxct8nz4T6wlgyUR7zLU309k9mBC768=",
        "owner": "nix-systems",
        "repo": "default",
        "rev": "da67096a3b9bf56a91d16901293e51ba5b49a27e",
        "type": "github"
      },
      "original": {
        "owner": "nix-systems",
        "repo": "default",
        "type": "github"
      }
    }
  },
  "root": "root",
  "version": 7
}
